
Microsoft Visual Studio Solution File, Format Version 12.00
# Visual Studio Version 17
VisualStudioVersion = 17.13.35931.197
MinimumVisualStudioVersion = 10.0.40219.1
Project("{FAE04EC0-301F-11D3-BF4B-00C04F79EFBC}") = "AdPlatforms", "AdPlatforms\AdPlatforms.csproj", "{31AC9BB2-1879-DAC4-5592-F9444D8D4B96}"
EndProject
Project("{FAE04EC0-301F-11D3-BF4B-00C04F79EFBC}") = "AdPlatforms.Tests", "AdPlatforms.Tests\AdPlatforms.Tests.csproj", "{C2E59A36-CD79-7FDC-6A4E-C45A07BF1169}"
EndProject
Global
	GlobalSection(SolutionConfigurationPlatforms) = preSolution
		Debug|Any CPU = Debug|Any CPU
		Release|Any CPU = Release|Any CPU
	EndGlobalSection
	GlobalSection(ProjectConfigurationPlatforms) = postSolution
		{31AC9BB2-1879-DAC4-5592-F9444D8D4B96}.Debug|Any CPU.ActiveCfg = Debug|Any CPU
		{31AC9BB2-1879-DAC4-5592-F9444D8D4B96}.Debug|Any CPU.Build.0 = Debug|Any CPU
		{31AC9BB2-1879-DAC4-5592-F9444D8D4B96}.Release|Any CPU.ActiveCfg = Release|Any CPU
		{31AC9BB2-1879-DAC4-5592-F9444D8D4B96}.Release|Any CPU.Build.0 = Release|Any CPU
		{C2E59A36-CD79-7FDC-6A4E-C45A07BF1169}.Debug|Any CPU.ActiveCfg = Debug|Any CPU
		{C2E59A36-CD79-7FDC-6A4E-C45A07BF1169}.Debug|Any CPU.Build.0 = Debug|Any CPU
		{C2E59A36-CD79-7FDC-6A4E-C45A07BF1169}.Release|Any CPU.ActiveCfg = Release|Any CPU
		{C2E59A36-CD79-7FDC-6A4E-C45A07BF1169}.Release|Any CPU.Build.0 = Release|Any CPU
	EndGlobalSection
	GlobalSection(SolutionProperties) = preSolution
		HideSolutionNode = FALSE
	EndGlobalSection
	GlobalSection(ExtensibilityGlobals) = postSolution
		SolutionGuid = {79B64D4A-22C6-48A6-8174-973C83E276CA}
	EndGlobalSection
EndGlobal
